
Microsoft Visual Studio Solution File, Format Version 12.00
# Visual Studio Version 16
VisualStudioVersion = 16.0.33328.57
MinimumVisualStudioVersion = 10.0.40219.1
Project("{9A19103F-16F7-4668-BE54-9A1E7A4F7556}") = "ZoomPanel", "ZoomPanel\ZoomPanel.csproj", "{468ADEDE-6F5E-40C0-99C9-C6DAC4FAC934}"
EndProject
Project("{FAE04EC0-301F-11D3-BF4B-00C04F79EFBC}") = "AdvancedZoomAndPanSample", "AdvancedZoomAndPanSample\AdvancedZoomAndPanSample.csproj", "{120DA64E-D1B0-4D35-96CA-E3986504A1B9}"
EndProject
Project("{2150E333-8FDC-42A3-9474-1A3956D46DE8}") = "Solution Items", "Solution Items", "{C35F3DEA-A3C6-447D-BCFD-38BD1DF0DF8A}"
	ProjectSection(SolutionItems) = preProject
		LICENSE.MD = LICENSE.MD
		README.MD = README.MD
	EndProjectSection
EndProject
Global
	GlobalSection(SolutionConfigurationPlatforms) = preSolution
		Debug|Any CPU = Debug|Any CPU
		Release|Any CPU = Release|Any CPU
	EndGlobalSection
	GlobalSection(ProjectConfigurationPlatforms) = postSolution
		{468ADEDE-6F5E-40C0-99C9-C6DAC4FAC934}.Debug|Any CPU.ActiveCfg = Debug|Any CPU
		{468ADEDE-6F5E-40C0-99C9-C6DAC4FAC934}.Debug|Any CPU.Build.0 = Debug|Any CPU
		{468ADEDE-6F5E-40C0-99C9-C6DAC4FAC934}.Release|Any CPU.ActiveCfg = Release|Any CPU
		{468ADEDE-6F5E-40C0-99C9-C6DAC4FAC934}.Release|Any CPU.Build.0 = Release|Any CPU
		{120DA64E-D1B0-4D35-96CA-E3986504A1B9}.Debug|Any CPU.ActiveCfg = Debug|Any CPU
		{120DA64E-D1B0-4D35-96CA-E3986504A1B9}.Debug|Any CPU.Build.0 = Debug|Any CPU
		{120DA64E-D1B0-4D35-96CA-E3986504A1B9}.Release|Any CPU.ActiveCfg = Release|Any CPU
		{120DA64E-D1B0-4D35-96CA-E3986504A1B9}.Release|Any CPU.Build.0 = Release|Any CPU
	EndGlobalSection
	GlobalSection(SolutionProperties) = preSolution
		HideSolutionNode = FALSE
	EndGlobalSection
	GlobalSection(ExtensibilityGlobals) = postSolution
		SolutionGuid = {437AB4CA-5886-4B5B-B6E8-9F6FAEA561AE}
	EndGlobalSection
EndGlobal
